{
  "name": "Notion_API_For_study",
  "lockfileVersion": 2,
  "requires": true,
  "packages": {
    "": {
      "dependencies": {
        "@notionhq/client": "3.1.3",
        "argparse": "2.0.1"
      }
    },
    "node_modules/@notionhq/client": {
      "version": "3.1.3",
      "resolved": "https://registry.npmjs.org/@notionhq/client/-/client-3.1.3.tgz",
      "integrity": "sha512-M2gVWoo1dIvBeX/Yc4fvQCVh2g3HQjOxKBWX472Qzma2VNMJV3cPLi0J0A4dmOlkcfNQLVXmhuh54zGHpptZ7g==",
      "engines": {
        "node": ">=18"
      }
    },
    "node_modules/argparse": {
      "version": "2.0.1",
      "resolved": "https://registry.npmjs.org/argparse/-/argparse-2.0.1.tgz",
      "integrity": "sha512-8+9WqebbFzpX9OR+Wa6O29asIogeRMzcGtAINdpMHHyAg10f05aSFVBbcEqGf/PXw1EjAZ+q2/bEBg3DvurK3Q=="
    }
  },
  "dependencies": {
    "@notionhq/client": {
      "version": "3.1.3",
      "resolved": "https://registry.npmjs.org/@notionhq/client/-/client-3.1.3.tgz",
      "integrity": "sha512-M2gVWoo1dIvBeX/Yc4fvQCVh2g3HQjOxKBWX472Qzma2VNMJV3cPLi0J0A4dmOlkcfNQLVXmhuh54zGHpptZ7g=="
    },
    "argparse": {
      "version": "2.0.1",
      "resolved": "https://registry.npmjs.org/argparse/-/argparse-2.0.1.tgz",
      "integrity": "sha512-8+9WqebbFzpX9OR+Wa6O29asIogeRMzcGtAINdpMHHyAg10f05aSFVBbcEqGf/PXw1EjAZ+q2/bEBg3DvurK3Q=="
    }
  }
}
